
Microsoft Visual Studio Solution File, Format Version 12.00
# Visual Studio Version 17
VisualStudioVersion = 17.12.35707.178 d17.12
MinimumVisualStudioVersion = 10.0.40219.1
Project("{FAE04EC0-301F-11D3-BF4B-00C04F79EFBC}") = "UnarchivedStreamDownloader", "UnarchivedStreamDownloader\UnarchivedStreamDownloader.csproj", "{A8BF868D-9DB5-41D7-96FF-27CA7874E559}"
EndProject
Project("{FAE04EC0-301F-11D3-BF4B-00C04F79EFBC}") = "UnarchivedStreamDownloader.Wrapper", "UnarchivedStreamDownloader.Wrapper\UnarchivedStreamDownloader.Wrapper.csproj", "{A2F8536B-DD7B-42D2-A214-DAACB7998C63}"
EndProject
Global
	GlobalSection(SolutionConfigurationPlatforms) = preSolution
		Debug|Any CPU = Debug|Any CPU
		Release|Any CPU = Release|Any CPU
	EndGlobalSection
	GlobalSection(ProjectConfigurationPlatforms) = postSolution
		{A8BF868D-9DB5-41D7-96FF-27CA7874E559}.Debug|Any CPU.ActiveCfg = Debug|Any CPU
		{A8BF868D-9DB5-41D7-96FF-27CA7874E559}.Debug|Any CPU.Build.0 = Debug|Any CPU
		{A8BF868D-9DB5-41D7-96FF-27CA7874E559}.Release|Any CPU.ActiveCfg = Release|Any CPU
		{A8BF868D-9DB5-41D7-96FF-27CA7874E559}.Release|Any CPU.Build.0 = Release|Any CPU
		{A2F8536B-DD7B-42D2-A214-DAACB7998C63}.Debug|Any CPU.ActiveCfg = Debug|Any CPU
		{A2F8536B-DD7B-42D2-A214-DAACB7998C63}.Debug|Any CPU.Build.0 = Debug|Any CPU
		{A2F8536B-DD7B-42D2-A214-DAACB7998C63}.Release|Any CPU.ActiveCfg = Release|Any CPU
		{A2F8536B-DD7B-42D2-A214-DAACB7998C63}.Release|Any CPU.Build.0 = Release|Any CPU
	EndGlobalSection
	GlobalSection(SolutionProperties) = preSolution
		HideSolutionNode = FALSE
	EndGlobalSection
EndGlobal
